
Microsoft Visual Studio Solution File, Format Version 12.00
# Visual Studio 15
VisualStudioVersion = 15.0.27428.1
MinimumVisualStudioVersion = 10.0.40219.1
Project("{FAE04EC0-301F-11D3-BF4B-00C04F79EFBC}") = "AndroidManager-SHW", "AndroidManager-SHW\AndroidManager-SHW.csproj", "{54A9186B-12D0-4BEF-92A6-A65CC3C5014F}"
EndProject
Project("{FAE04EC0-301F-11D3-BF4B-00C04F79EFBC}") = "ADBProccessDLL", "ADBFileProccessDLL\ADBProccessDLL.csproj", "{B689E80B-9E1B-439D-A9FB-9722FFE1DF84}"
EndProject
Project("{FAE04EC0-301F-11D3-BF4B-00C04F79EFBC}") = "ApkReaderShwDll", "ApkReaderShwDll\ApkReaderShwDll.csproj", "{99613D62-C34E-416F-8300-6E95CC51BC07}"
EndProject
Global
	GlobalSection(SolutionConfigurationPlatforms) = preSolution
		Debug|Any CPU = Debug|Any CPU
		Debug|x64 = Debug|x64
		Release|Any CPU = Release|Any CPU
		Release|x64 = Release|x64
	EndGlobalSection
	GlobalSection(ProjectConfigurationPlatforms) = postSolution
		{54A9186B-12D0-4BEF-92A6-A65CC3C5014F}.Debug|Any CPU.ActiveCfg = Debug|Any CPU
		{54A9186B-12D0-4BEF-92A6-A65CC3C5014F}.Debug|Any CPU.Build.0 = Debug|Any CPU
		{54A9186B-12D0-4BEF-92A6-A65CC3C5014F}.Debug|x64.ActiveCfg = Debug|x64
		{54A9186B-12D0-4BEF-92A6-A65CC3C5014F}.Debug|x64.Build.0 = Debug|x64
		{54A9186B-12D0-4BEF-92A6-A65CC3C5014F}.Release|Any CPU.ActiveCfg = Release|Any CPU
		{54A9186B-12D0-4BEF-92A6-A65CC3C5014F}.Release|Any CPU.Build.0 = Release|Any CPU
		{54A9186B-12D0-4BEF-92A6-A65CC3C5014F}.Release|x64.ActiveCfg = Release|x64
		{54A9186B-12D0-4BEF-92A6-A65CC3C5014F}.Release|x64.Build.0 = Release|x64
		{B689E80B-9E1B-439D-A9FB-9722FFE1DF84}.Debug|Any CPU.ActiveCfg = Debug|Any CPU
		{B689E80B-9E1B-439D-A9FB-9722FFE1DF84}.Debug|Any CPU.Build.0 = Debug|Any CPU
		{B689E80B-9E1B-439D-A9FB-9722FFE1DF84}.Debug|x64.ActiveCfg = Debug|x64
		{B689E80B-9E1B-439D-A9FB-9722FFE1DF84}.Debug|x64.Build.0 = Debug|x64
		{B689E80B-9E1B-439D-A9FB-9722FFE1DF84}.Release|Any CPU.ActiveCfg = Release|Any CPU
		{B689E80B-9E1B-439D-A9FB-9722FFE1DF84}.Release|Any CPU.Build.0 = Release|Any CPU
		{B689E80B-9E1B-439D-A9FB-9722FFE1DF84}.Release|x64.ActiveCfg = Release|x64
		{B689E80B-9E1B-439D-A9FB-9722FFE1DF84}.Release|x64.Build.0 = Release|x64
		{99613D62-C34E-416F-8300-6E95CC51BC07}.Debug|Any CPU.ActiveCfg = Debug|Any CPU
		{99613D62-C34E-416F-8300-6E95CC51BC07}.Debug|Any CPU.Build.0 = Debug|Any CPU
		{99613D62-C34E-416F-8300-6E95CC51BC07}.Debug|x64.ActiveCfg = Debug|x64
		{99613D62-C34E-416F-8300-6E95CC51BC07}.Debug|x64.Build.0 = Debug|x64
		{99613D62-C34E-416F-8300-6E95CC51BC07}.Release|Any CPU.ActiveCfg = Release|Any CPU
		{99613D62-C34E-416F-8300-6E95CC51BC07}.Release|Any CPU.Build.0 = Release|Any CPU
		{99613D62-C34E-416F-8300-6E95CC51BC07}.Release|x64.ActiveCfg = Release|x64
		{99613D62-C34E-416F-8300-6E95CC51BC07}.Release|x64.Build.0 = Release|x64
	EndGlobalSection
	GlobalSection(SolutionProperties) = preSolution
		HideSolutionNode = FALSE
	EndGlobalSection
	GlobalSection(ExtensibilityGlobals) = postSolution
		SolutionGuid = {B7271E39-A82C-47E3-915B-19D8CAC9A245}
	EndGlobalSection
EndGlobal
